
Microsoft Visual Studio Solution File, Format Version 12.00
# Visual Studio Version 16
VisualStudioVersion = 16.0.31702.278
MinimumVisualStudioVersion = 10.0.40219.1
Project("{FAE04EC0-301F-11D3-BF4B-00C04F79EFBC}") = "gyorsabb", "gyorsabb\gyorsabb.csproj", "{9243F1FE-254D-429F-AD23-6F8E55C70A2D}"
EndProject
Global
	GlobalSection(SolutionConfigurationPlatforms) = preSolution
		Debug|Any CPU = Debug|Any CPU
		Release|Any CPU = Release|Any CPU
	EndGlobalSection
	GlobalSection(ProjectConfigurationPlatforms) = postSolution
		{9243F1FE-254D-429F-AD23-6F8E55C70A2D}.Debug|Any CPU.ActiveCfg = Debug|Any CPU
		{9243F1FE-254D-429F-AD23-6F8E55C70A2D}.Debug|Any CPU.Build.0 = Debug|Any CPU
		{9243F1FE-254D-429F-AD23-6F8E55C70A2D}.Release|Any CPU.ActiveCfg = Release|Any CPU
		{9243F1FE-254D-429F-AD23-6F8E55C70A2D}.Release|Any CPU.Build.0 = Release|Any CPU
	EndGlobalSection
	GlobalSection(SolutionProperties) = preSolution
		HideSolutionNode = FALSE
	EndGlobalSection
	GlobalSection(ExtensibilityGlobals) = postSolution
		SolutionGuid = {AD37403D-44C5-42F4-A3FC-3ADBC909AE1F}
	EndGlobalSection
EndGlobal
